
Microsoft Visual Studio Solution File, Format Version 12.00
# Visual Studio Version 16
VisualStudioVersion = 16.0.29306.81
MinimumVisualStudioVersion = 10.0.40219.1
Project("{FAE04EC0-301F-11D3-BF4B-00C04F79EFBC}") = "TinyCollege", "TinyCollege\TinyCollege.csproj", "{984566CD-3A6A-4764-A0B8-9037501182F1}"
EndProject
Global
	GlobalSection(SolutionConfigurationPlatforms) = preSolution
		Debug|Any CPU = Debug|Any CPU
		Release|Any CPU = Release|Any CPU
	EndGlobalSection
	GlobalSection(ProjectConfigurationPlatforms) = postSolution
		{984566CD-3A6A-4764-A0B8-9037501182F1}.Debug|Any CPU.ActiveCfg = Debug|Any CPU
		{984566CD-3A6A-4764-A0B8-9037501182F1}.Debug|Any CPU.Build.0 = Debug|Any CPU
		{984566CD-3A6A-4764-A0B8-9037501182F1}.Release|Any CPU.ActiveCfg = Release|Any CPU
		{984566CD-3A6A-4764-A0B8-9037501182F1}.Release|Any CPU.Build.0 = Release|Any CPU
	EndGlobalSection
	GlobalSection(SolutionProperties) = preSolution
		HideSolutionNode = FALSE
	EndGlobalSection
	GlobalSection(ExtensibilityGlobals) = postSolution
		SolutionGuid = {F288884C-14A8-4086-99B3-DE087450ED2B}
	EndGlobalSection
EndGlobal
